// !$*UTF8*$!
{
	archiveVersion = 1;
	classes = {
	};
	objectVersion = 48;
	objects = {

/* Begin PBXBuildFile section */
		3A973A4B1F41F17700D87014 /* AppDelegate.swift in Sources */ = {isa = PBXBuildFile; fileRef = 3A973A4A1F41F17700D87014 /* AppDelegate.swift */; };
		3A973A4D1F41F17700D87014 /* ViewController.swift in Sources */ = {isa = PBXBuildFile; fileRef = 3A973A4C1F41F17700D87014 /* ViewController.swift */; };
		3A973A501F41F17700D87014 /* Main.storyboard in Resources */ = {isa = PBXBuildFile; fileRef = 3A973A4E1F41F17700D87014 /* Main.storyboard */; };
		3A973A521F41F17700D87014 /* Assets.xcassets in Resources */ = {isa = PBXBuildFile; fileRef = 3A973A511F41F17700D87014 /* Assets.xcassets */; };
		3A973A551F41F17700D87014 /* LaunchScreen.storyboard in Resources */ = {isa = PBXBuildFile; fileRef = 3A973A531F41F17700D87014 /* LaunchScreen.storyboard */; };
		3A973A601F41F17700D87014 /* MGVerticalProgressBarTests.swift in Sources */ = {isa = PBXBuildFile; fileRef = 3A973A5F1F41F17700D87014 /* MGVerticalProgressBarTests.swift */; };
		3A973A6B1F41F17700D87014 /* MGVerticalProgressBarUITests.swift in Sources */ = {isa = PBXBuildFile; fileRef = 3A973A6A1F41F17700D87014 /* MGVerticalProgressBarUITests.swift */; };
		3A973A791F41F66C00D87014 /* MGVerticalProgressBar.swift in Sources */ = {isa = PBXBuildFile; fileRef = 3A973A781F41F66C00D87014 /* MGVerticalProgressBar.swift */; };
/* End PBXBuildFile section */

/* Begin PBXContainerItemProxy section */
		3A973A5C1F41F17700D87014 /* PBXContainerItemProxy */ = {
			isa = PBXContainerItemProxy;
			containerPortal = 3A973A3F1F41F17700D87014 /* Project object */;
			proxyType = 1;
			remoteGlobalIDString = 3A973A461F41F17700D87014;
			remoteInfo = MGVerticalProgressBar;
		};
		3A973A671F41F17700D87014 /* PBXContainerItemProxy */ = {
			isa = PBXContainerItemProxy;
			containerPortal = 3A973A3F1F41F17700D87014 /* Project object */;
			proxyType = 1;
			remoteGlobalIDString = 3A973A461F41F17700D87014;
			remoteInfo = MGVerticalProgressBar;
		};
/* End PBXContainerItemProxy section */

/* Begin PBXFileReference section */
		3A973A471F41F17700D87014 /* MGVerticalProgressBar.app */ = {isa = PBXFileReference; explicitFileType = wrapper.application; includeInIndex = 0; path = MGVerticalProgressBar.app; sourceTree = BUILT_PRODUCTS_DIR; };
		3A973A4A1F41F17700D87014 /* AppDelegate.swift */ = {isa = PBXFileReference; lastKnownFileType = sourcecode.swift; path = AppDelegate.swift; sourceTree = "<group>"; };
		3A973A4C1F41F17700D87014 /* ViewController.swift */ = {isa = PBXFileReference; lastKnownFileType = sourcecode.swift; path = ViewController.swift; sourceTree = "<group>"; };
		3A973A4F1F41F17700D87014 /* Base */ = {isa = PBXFileReference; lastKnownFileType = file.storyboard; name = Base; path = Base.lproj/Main.storyboard; sourceTree = "<group>"; };
		3A973A511F41F17700D87014 /* Assets.xcassets */ = {isa = PBXFileReference; lastKnownFileType = folder.assetcatalog; path = Assets.xcassets; sourceTree = "<group>"; };
		3A973A541F41F17700D87014 /* Base */ = {isa = PBXFileReference; lastKnownFileType = file.storyboard; name = Base; path = Base.lproj/LaunchScreen.storyboard; sourceTree = "<group>"; };
		3A973A561F41F17700D87014 /* Info.plist */ = {isa = PBXFileReference; lastKnownFileType = text.plist.xml; path = Info.plist; sourceTree = "<group>"; };
		3A973A5B1F41F17700D87014 /* MGVerticalProgressBarTests.xctest */ = {isa = PBXFileReference; explicitFileType = wrapper.cfbundle; includeInIndex = 0; path = MGVerticalProgressBarTests.xctest; sourceTree = BUILT_PRODUCTS_DIR; };
		3A973A5F1F41F17700D87014 /* MGVerticalProgressBarTests.swift */ = {isa = PBXFileReference; lastKnownFileType = sourcecode.swift; path = MGVerticalProgressBarTests.swift; sourceTree = "<group>"; };
		3A973A611F41F17700D87014 /* Info.plist */ = {isa = PBXFileReference; lastKnownFileType = text.plist.xml; path = Info.plist; sourceTree = "<group>"; };
		3A973A661F41F17700D87014 /* MGVerticalProgressBarUITests.xctest */ = {isa = PBXFileReference; explicitFileType = wrapper.cfbundle; includeInIndex = 0; path = MGVerticalProgressBarUITests.xctest; sourceTree = BUILT_PRODUCTS_DIR; };
		3A973A6A1F41F17700D87014 /* MGVerticalProgressBarUITests.swift */ = {isa = PBXFileReference; lastKnownFileType = sourcecode.swift; path = MGVerticalProgressBarUITests.swift; sourceTree = "<group>"; };
		3A973A6C1F41F17700D87014 /* Info.plist */ = {isa = PBXFileReference; lastKnownFileType = text.plist.xml; path = Info.plist; sourceTree = "<group>"; };
		3A973A781F41F66C00D87014 /* MGVerticalProgressBar.swift */ = {isa = PBXFileReference; fileEncoding = 4; lastKnownFileType = sourcecode.swift; name = MGVerticalProgressBar.swift; path = ../../PicturePuzzle/PicturePuzzle/AdvertGame/Utility/MGVerticalProgressBar.swift; sourceTree = "<group>"; };
/* End PBXFileReference section */

/* Begin PBXFrameworksBuildPhase section */
		3A973A441F41F17700D87014 /* Frameworks */ = {
			isa = PBXFrameworksBuildPhase;
			buildActionMask = 2147483647;
			files = (
			);
			runOnlyForDeploymentPostprocessing = 0;
		};
		3A973A581F41F17700D87014 /* Frameworks */ = {
			isa = PBXFrameworksBuildPhase;
			buildActionMask = 2147483647;
			files = (
			);
			runOnlyForDeploymentPostprocessing = 0;
		};
		3A973A631F41F17700D87014 /* Frameworks */ = {
			isa = PBXFrameworksBuildPhase;
			buildActionMask = 2147483647;
			files = (
			);
			runOnlyForDeploymentPostprocessing = 0;
		};
/* End PBXFrameworksBuildPhase section */

/* Begin PBXGroup section */
		3A973A3E1F41F17700D87014 = {
			isa = PBXGroup;
			children = (
				3A973A491F41F17700D87014 /* MGVerticalProgressBar */,
				3A973A5E1F41F17700D87014 /* MGVerticalProgressBarTests */,
				3A973A691F41F17700D87014 /* MGVerticalProgressBarUITests */,
				3A973A481F41F17700D87014 /* Products */,
			);
			sourceTree = "<group>";
		};
		3A973A481F41F17700D87014 /* Products */ = {
			isa = PBXGroup;
			children = (
				3A973A471F41F17700D87014 /* MGVerticalProgressBar.app */,
				3A973A5B1F41F17700D87014 /* MGVerticalProgressBarTests.xctest */,
				3A973A661F41F17700D87014 /* MGVerticalProgressBarUITests.xctest */,
			);
			name = Products;
			sourceTree = "<group>";
		};
		3A973A491F41F17700D87014 /* MGVerticalProgressBar */ = {
			isa = PBXGroup;
			children = (
				3A973A781F41F66C00D87014 /* MGVerticalProgressBar.swift */,
				3A973A4A1F41F17700D87014 /* AppDelegate.swift */,
				3A973A4C1F41F17700D87014 /* ViewController.swift */,
				3A973A4E1F41F17700D87014 /* Main.storyboard */,
				3A973A511F41F17700D87014 /* Assets.xcassets */,
				3A973A531F41F17700D87014 /* LaunchScreen.storyboard */,
				3A973A561F41F17700D87014 /* Info.plist */,
			);
			path = MGVerticalProgressBar;
			sourceTree = "<group>";
		};
		3A973A5E1F41F17700D87014 /* MGVerticalProgressBarTests */ = {
			isa = PBXGroup;
			children = (
				3A973A5F1F41F17700D87014 /* MGVerticalProgressBarTests.swift */,
				3A973A611F41F17700D87014 /* Info.plist */,
			);
			path = MGVerticalProgressBarTests;
			sourceTree = "<group>";
		};
		3A973A691F41F17700D87014 /* MGVerticalProgressBarUITests */ = {
			isa = PBXGroup;
			children = (
				3A973A6A1F41F17700D87014 /* MGVerticalProgressBarUITests.swift */,
				3A973A6C1F41F17700D87014 /* Info.plist */,
			);
			path = MGVerticalProgressBarUITests;
			sourceTree = "<group>";
		};
/* End PBXGroup section */

/* Begin PBXNativeTarget section */
		3A973A461F41F17700D87014 /* MGVerticalProgressBar */ = {
			isa = PBXNativeTarget;
			buildConfigurationList = 3A973A6F1F41F17700D87014 /* Build configuration list for PBXNativeTarget "MGVerticalProgressBar" */;
			buildPhases = (
				3A973A431F41F17700D87014 /* Sources */,
				3A973A441F41F17700D87014 /* Frameworks */,
				3A973A451F41F17700D87014 /* Resources */,
			);
			buildRules = (
			);
			dependencies = (
			);
			name = MGVerticalProgressBar;
			productName = MGVerticalProgressBar;
			productReference = 3A973A471F41F17700D87014 /* MGVerticalProgressBar.app */;
			productType = "com.apple.product-type.application";
		};
		3A973A5A1F41F17700D87014 /* MGVerticalProgressBarTests */ = {
			isa = PBXNativeTarget;
			buildConfigurationList = 3A973A721F41F17700D87014 /* Build configuration list for PBXNativeTarget "MGVerticalProgressBarTests" */;
			buildPhases = (
				3A973A571F41F17700D87014 /* Sources */,
				3A973A581F41F17700D87014 /* Frameworks */,
				3A973A591F41F17700D87014 /* Resources */,
			);
			buildRules = (
			);
			dependencies = (
				3A973A5D1F41F17700D87014 /* PBXTargetDependency */,
			);
			name = MGVerticalProgressBarTests;
			productName = MGVerticalProgressBarTests;
			productReference = 3A973A5B1F41F17700D87014 /* MGVerticalProgressBarTests.xctest */;
			productType = "com.apple.product-type.bundle.unit-test";
		};
		3A973A651F41F17700D87014 /* MGVerticalProgressBarUITests */ = {
			isa = PBXNativeTarget;
			buildConfigurationList = 3A973A751F41F17700D87014 /* Build configuration list for PBXNativeTarget "MGVerticalProgressBarUITests" */;
			buildPhases = (
				3A973A621F41F17700D87014 /* Sources */,
				3A973A631F41F17700D87014 /* Frameworks */,
				3A973A641F41F17700D87014 /* Resources */,
			);
			buildRules = (
			);
			dependencies = (
				3A973A681F41F17700D87014 /* PBXTargetDependency */,
			);
			name = MGVerticalProgressBarUITests;
			productName = MGVerticalProgressBarUITests;
			productReference = 3A973A661F41F17700D87014 /* MGVerticalProgressBarUITests.xctest */;
			productType = "com.apple.product-type.bundle.ui-testing";
		};
/* End PBXNativeTarget section */

/* Begin PBXProject section */
		3A973A3F1F41F17700D87014 /* Project object */ = {
			isa = PBXProject;
			attributes = {
				LastSwiftUpdateCheck = 0900;
				LastUpgradeCheck = 0900;
				ORGANIZATIONNAME = "Gupta, Mrigank";
				TargetAttributes = {
					3A973A461F41F17700D87014 = {
						CreatedOnToolsVersion = 9.0;
					};
					3A973A5A1F41F17700D87014 = {
						CreatedOnToolsVersion = 9.0;
						TestTargetID = 3A973A461F41F17700D87014;
					};
					3A973A651F41F17700D87014 = {
						CreatedOnToolsVersion = 9.0;
						TestTargetID = 3A973A461F41F17700D87014;
					};
				};
			};
			buildConfigurationList = 3A973A421F41F17700D87014 /* Build configuration list for PBXProject "MGVerticalProgressBar" */;
			compatibilityVersion = "Xcode 8.0";
			developmentRegion = en;
			hasScannedForEncodings = 0;
			knownRegions = (
				en,
				Base,
			);
			mainGroup = 3A973A3E1F41F17700D87014;
			productRefGroup = 3A973A481F41F17700D87014 /* Products */;
			projectDirPath = "";
			projectRoot = "";
			targets = (
				3A973A461F41F17700D87014 /* MGVerticalProgressBar */,
				3A973A5A1F41F17700D87014 /* MGVerticalProgressBarTests */,
				3A973A651F41F17700D87014 /* MGVerticalProgressBarUITests */,
			);
		};
/* End PBXProject section */

/* Begin PBXResourcesBuildPhase section */
		3A973A451F41F17700D87014 /* Resources */ = {
			isa = PBXResourcesBuildPhase;
			buildActionMask = 2147483647;
			files = (
				3A973A551F41F17700D87014 /* LaunchScreen.storyboard in Resources */,
				3A973A521F41F17700D87014 /* Assets.xcassets in Resources */,
				3A973A501F41F17700D87014 /* Main.storyboard in Resources */,
			);
			runOnlyForDeploymentPostprocessing = 0;
		};
		3A973A591F41F17700D87014 /* Resources */ = {
			isa = PBXResourcesBuildPhase;
			buildActionMask = 2147483647;
			files = (
			);
			runOnlyForDeploymentPostprocessing = 0;
		};
		3A973A641F41F17700D87014 /* Resources */ = {
			isa = PBXResourcesBuildPhase;
			buildActionMask = 2147483647;
			files = (
			);
			runOnlyForDeploymentPostprocessing = 0;
		};
/* End PBXResourcesBuildPhase section */

/* Begin PBXSourcesBuildPhase section */
		3A973A431F41F17700D87014 /* Sources */ = {
			isa = PBXSourcesBuildPhase;
			buildActionMask = 2147483647;
			files = (
				3A973A791F41F66C00D87014 /* MGVerticalProgressBar.swift in Sources */,
				3A973A4D1F41F17700D87014 /* ViewController.swift in Sources */,
				3A973A4B1F41F17700D87014 /* AppDelegate.swift in Sources */,
			);
			runOnlyForDeploymentPostprocessing = 0;
		};
		3A973A571F41F17700D87014 /* Sources */ = {
			isa = PBXSourcesBuildPhase;
			buildActionMask = 2147483647;
			files = (
				3A973A601F41F17700D87014 /* MGVerticalProgressBarTests.swift in Sources */,
			);
			runOnlyForDeploymentPostprocessing = 0;
		};
		3A973A621F41F17700D87014 /* Sources */ = {
			isa = PBXSourcesBuildPhase;
			buildActionMask = 2147483647;
			files = (
				3A973A6B1F41F17700D87014 /* MGVerticalProgressBarUITests.swift in Sources */,
			);
			runOnlyForDeploymentPostprocessing = 0;
		};
/* End PBXSourcesBuildPhase section */

/* Begin PBXTargetDependency section */
		3A973A5D1F41F17700D87014 /* PBXTargetDependency */ = {
			isa = PBXTargetDependency;
			target = 3A973A461F41F17700D87014 /* MGVerticalProgressBar */;
			targetProxy = 3A973A5C1F41F17700D87014 /* PBXContainerItemProxy */;
		};
		3A973A681F41F17700D87014 /* PBXTargetDependency */ = {
			isa = PBXTargetDependency;
			target = 3A973A461F41F17700D87014 /* MGVerticalProgressBar */;
			targetProxy = 3A973A671F41F17700D87014 /* PBXContainerItemProxy */;
		};
/* End PBXTargetDependency section */

/* Begin PBXVariantGroup section */
		3A973A4E1F41F17700D87014 /* Main.storyboard */ = {
			isa = PBXVariantGroup;
			children = (
				3A973A4F1F41F17700D87014 /* Base */,
			);
			name = Main.storyboard;
			sourceTree = "<group>";
		};
		3A973A531F41F17700D87014 /* LaunchScreen.storyboard */ = {
			isa = PBXVariantGroup;
			children = (
				3A973A541F41F17700D87014 /* Base */,
			);
			name = LaunchScreen.storyboard;
			sourceTree = "<group>";
		};
/* End PBXVariantGroup section */

/* Begin XCBuildConfiguration section */
		3A973A6D1F41F17700D87014 /* Debug */ = {
			isa = XCBuildConfiguration;
			buildSettings = {
				ALWAYS_SEARCH_USER_PATHS = NO;
				CLANG_ANALYZER_NONNULL = YES;
				CLANG_ANALYZER_NUMBER_OBJECT_CONVERSION = YES_AGGRESSIVE;
				CLANG_CXX_LANGUAGE_STANDARD = "gnu++14";
				CLANG_CXX_LIBRARY = "libc++";
				CLANG_ENABLE_MODULES = YES;
				CLANG_ENABLE_OBJC_ARC = YES;
				CLANG_WARN_BLOCK_CAPTURE_AUTORELEASING = YES;
				CLANG_WARN_BOOL_CONVERSION = YES;
				CLANG_WARN_COMMA = YES;
				CLANG_WARN_CONSTANT_CONVERSION = YES;
				CLANG_WARN_DIRECT_OBJC_ISA_USAGE = YES_ERROR;
				CLANG_WARN_DOCUMENTATION_COMMENTS = YES;
				CLANG_WARN_EMPTY_BODY = YES;
				CLANG_WARN_ENUM_CONVERSION = YES;
				CLANG_WARN_INFINITE_RECURSION = YES;
				CLANG_WARN_INT_CONVERSION = YES;
				CLANG_WARN_NON_LITERAL_NULL_CONVERSION = YES;
				CLANG_WARN_OBJC_LITERAL_CONVERSION = YES;
				CLANG_WARN_OBJC_ROOT_CLASS = YES_ERROR;
				CLANG_WARN_RANGE_LOOP_ANALYSIS = YES;
				CLANG_WARN_STRICT_PROTOTYPES = YES;
				CLANG_WARN_SUSPICIOUS_MOVE = YES;
				CLANG_WARN_UNGUARDED_AVAILABILITY = YES_AGGRESSIVE;
				CLANG_WARN_UNREACHABLE_CODE = YES;
				CLANG_WARN__DUPLICATE_METHOD_MATCH = YES;
				CODE_SIGN_IDENTITY = "iPhone Developer";
				COPY_PHASE_STRIP = NO;
				DEBUG_INFORMATION_FORMAT = dwarf;
				ENABLE_STRICT_OBJC_MSGSEND = YES;
				ENABLE_TESTABILITY = YES;
				GCC_C_LANGUAGE_STANDARD = gnu11;
				GCC_DYNAMIC_NO_PIC = NO;
				GCC_NO_COMMON_BLOCKS = YES;
				GCC_OPTIMIZATION_LEVEL = 0;
				GCC_PREPROCESSOR_DEFINITIONS = (
					"DEBUG=1",
					"$(inherited)",
				);
				GCC_WARN_64_TO_32_BIT_CONVERSION = YES;
				GCC_WARN_ABOUT_RETURN_TYPE = YES_ERROR;
				GCC_WARN_UNDECLARED_SELECTOR = YES;
				GCC_WARN_UNINITIALIZED_AUTOS = YES_AGGRESSIVE;
				GCC_WARN_UNUSED_FUNCTION = YES;
				GCC_WARN_UNUSED_VARIABLE = YES;
				IPHONEOS_DEPLOYMENT_TARGET = 11.0;
				MTL_ENABLE_DEBUG_INFO = YES;
				ONLY_ACTIVE_ARCH = YES;
				SDKROOT = iphoneos;
				SWIFT_ACTIVE_COMPILATION_CONDITIONS = DEBUG;
				SWIFT_OPTIMIZATION_LEVEL = "-Onone";
			};
			name = Debug;
		};
		3A973A6E1F41F17700D87014 /* Release */ = {
			isa = XCBuildConfiguration;
			buildSettings = {
				ALWAYS_SEARCH_USER_PATHS = NO;
				CLANG_ANALYZER_NONNULL = YES;
				CLANG_ANALYZER_NUMBER_OBJECT_CONVERSION = YES_AGGRESSIVE;
				CLANG_CXX_LANGUAGE_STANDARD = "gnu++14";
				CLANG_CXX_LIBRARY = "libc++";
				CLANG_ENABLE_MODULES = YES;
				CLANG_ENABLE_OBJC_ARC = YES;
				CLANG_WARN_BLOCK_CAPTURE_AUTORELEASING = YES;
				CLANG_WARN_BOOL_CONVERSION = YES;
				CLANG_WARN_COMMA = YES;
				CLANG_WARN_CONSTANT_CONVERSION = YES;
				CLANG_WARN_DIRECT_OBJC_ISA_USAGE = YES_ERROR;
				CLANG_WARN_DOCUMENTATION_COMMENTS = YES;
				CLANG_WARN_EMPTY_BODY = YES;
				CLANG_WARN_ENUM_CONVERSION = YES;
				CLANG_WARN_INFINITE_RECURSION = YES;
				CLANG_WARN_INT_CONVERSION = YES;
				CLANG_WARN_NON_LITERAL_NULL_CONVERSION = YES;
				CLANG_WARN_OBJC_LITERAL_CONVERSION = YES;
				CLANG_WARN_OBJC_ROOT_CLASS = YES_ERROR;
				CLANG_WARN_RANGE_LOOP_ANALYSIS = YES;
				CLANG_WARN_STRICT_PROTOTYPES = YES;
				CLANG_WARN_SUSPICIOUS_MOVE = YES;
				CLANG_WARN_UNGUARDED_AVAILABILITY = YES_AGGRESSIVE;
				CLANG_WARN_UNREACHABLE_CODE = YES;
				CLANG_WARN__DUPLICATE_METHOD_MATCH = YES;
				CODE_SIGN_IDENTITY = "iPhone Developer";
				COPY_PHASE_STRIP = NO;
				DEBUG_INFORMATION_FORMAT = "dwarf-with-dsym";
				ENABLE_NS_ASSERTIONS = NO;
				ENABLE_STRICT_OBJC_MSGSEND = YES;
				GCC_C_LANGUAGE_STANDARD = gnu11;
				GCC_NO_COMMON_BLOCKS = YES;
				GCC_WARN_64_TO_32_BIT_CONVERSION = YES;
				GCC_WARN_ABOUT_RETURN_TYPE = YES_ERROR;
				GCC_WARN_UNDECLARED_SELECTOR = YES;
				GCC_WARN_UNINITIALIZED_AUTOS = YES_AGGRESSIVE;
				GCC_WARN_UNUSED_FUNCTION = YES;
				GCC_WARN_UNUSED_VARIABLE = YES;
				IPHONEOS_DEPLOYMENT_TARGET = 11.0;
				MTL_ENABLE_DEBUG_INFO = NO;
				SDKROOT = iphoneos;
				SWIFT_OPTIMIZATION_LEVEL = "-Owholemodule";
				VALIDATE_PRODUCT = YES;
			};
			name = Release;
		};
		3A973A701F41F17700D87014 /* Debug */ = {
			isa = XCBuildConfiguration;
			buildSettings = {
				ASSETCATALOG_COMPILER_APPICON_NAME = AppIcon;
				DEVELOPMENT_TEAM = QR9565V3SM;
				INFOPLIST_FILE = MGVerticalProgressBar/Info.plist;
				LD_RUNPATH_SEARCH_PATHS = "$(inherited) @executable_path/Frameworks";
				PRODUCT_BUNDLE_IDENTIFIER = com.cogicx..MGVerticalProgressBar;
				PRODUCT_NAME = "$(TARGET_NAME)";
				SWIFT_VERSION = 4.0;
				TARGETED_DEVICE_FAMILY = "1,2";
			};
			name = Debug;
		};
		3A973A711F41F17700D87014 /* Release */ = {
			isa = XCBuildConfiguration;
			buildSettings = {
				ASSETCATALOG_COMPILER_APPICON_NAME = AppIcon;
				DEVELOPMENT_TEAM = QR9565V3SM;
				INFOPLIST_FILE = MGVerticalProgressBar/Info.plist;
				LD_RUNPATH_SEARCH_PATHS = "$(inherited) @executable_path/Frameworks";
				PRODUCT_BUNDLE_IDENTIFIER = com.cogicx..MGVerticalProgressBar;
				PRODUCT_NAME = "$(TARGET_NAME)";
				SWIFT_VERSION = 4.0;
				TARGETED_DEVICE_FAMILY = "1,2";
			};
			name = Release;
		};
		3A973A731F41F17700D87014 /* Debug */ = {
			isa = XCBuildConfiguration;
			buildSettings = {
				ALWAYS_EMBED_SWIFT_STANDARD_LIBRARIES = YES;
				BUNDLE_LOADER = "$(TEST_HOST)";
				DEVELOPMENT_TEAM = QR9565V3SM;
				INFOPLIST_FILE = MGVerticalProgressBarTests/Info.plist;
				LD_RUNPATH_SEARCH_PATHS = "$(inherited) @executable_path/Frameworks @loader_path/Frameworks";
				PRODUCT_BUNDLE_IDENTIFIER = com.cogicx..MGVerticalProgressBarTests;
				PRODUCT_NAME = "$(TARGET_NAME)";
				SWIFT_VERSION = 4.0;
				TARGETED_DEVICE_FAMILY = "1,2";
				TEST_HOST = "$(BUILT_PRODUCTS_DIR)/MGVerticalProgressBar.app/MGVerticalProgressBar";
			};
			name = Debug;
		};
		3A973A741F41F17700D87014 /* Release */ = {
			isa = XCBuildConfiguration;
			buildSettings = {
				ALWAYS_EMBED_SWIFT_STANDARD_LIBRARIES = YES;
				BUNDLE_LOADER = "$(TEST_HOST)";
				DEVELOPMENT_TEAM = QR9565V3SM;
				INFOPLIST_FILE = MGVerticalProgressBarTests/Info.plist;
				LD_RUNPATH_SEARCH_PATHS = "$(inherited) @executable_path/Frameworks @loader_path/Frameworks";
				PRODUCT_BUNDLE_IDENTIFIER = com.cogicx..MGVerticalProgressBarTests;
				PRODUCT_NAME = "$(TARGET_NAME)";
				SWIFT_VERSION = 4.0;
				TARGETED_DEVICE_FAMILY = "1,2";
				TEST_HOST = "$(BUILT_PRODUCTS_DIR)/MGVerticalProgressBar.app/MGVerticalProgressBar";
			};
			name = Release;
		};
		3A973A761F41F17700D87014 /* Debug */ = {
			isa = XCBuildConfiguration;
			buildSettings = {
				ALWAYS_EMBED_SWIFT_STANDARD_LIBRARIES = YES;
				DEVELOPMENT_TEAM = QR9565V3SM;
				INFOPLIST_FILE = MGVerticalProgressBarUITests/Info.plist;
				LD_RUNPATH_SEARCH_PATHS = "$(inherited) @executable_path/Frameworks @loader_path/Frameworks";
				PRODUCT_BUNDLE_IDENTIFIER = com.cogicx..MGVerticalProgressBarUITests;
				PRODUCT_NAME = "$(TARGET_NAME)";
				SWIFT_VERSION = 4.0;
				TARGETED_DEVICE_FAMILY = "1,2";
				TEST_TARGET_NAME = MGVerticalProgressBar;
			};
			name = Debug;
		};
		3A973A771F41F17700D87014 /* Release */ = {
			isa = XCBuildConfiguration;
			buildSettings = {
				ALWAYS_EMBED_SWIFT_STANDARD_LIBRARIES = YES;
				DEVELOPMENT_TEAM = QR9565V3SM;
				INFOPLIST_FILE = MGVerticalProgressBarUITests/Info.plist;
				LD_RUNPATH_SEARCH_PATHS = "$(inherited) @executable_path/Frameworks @loader_path/Frameworks";
				PRODUCT_BUNDLE_IDENTIFIER = com.cogicx..MGVerticalProgressBarUITests;
				PRODUCT_NAME = "$(TARGET_NAME)";
				SWIFT_VERSION = 4.0;
				TARGETED_DEVICE_FAMILY = "1,2";
				TEST_TARGET_NAME = MGVerticalProgressBar;
			};
			name = Release;
		};
/* End XCBuildConfiguration section */

/* Begin XCConfigurationList section */
		3A973A421F41F17700D87014 /* Build configuration list for PBXProject "MGVerticalProgressBar" */ = {
			isa = XCConfigurationList;
			buildConfigurations = (
				3A973A6D1F41F17700D87014 /* Debug */,
				3A973A6E1F41F17700D87014 /* Release */,
			);
			defaultConfigurationIsVisible = 0;
			defaultConfigurationName = Release;
		};
		3A973A6F1F41F17700D87014 /* Build configuration list for PBXNativeTarget "MGVerticalProgressBar" */ = {
			isa = XCConfigurationList;
			buildConfigurations = (
				3A973A701F41F17700D87014 /* Debug */,
				3A973A711F41F17700D87014 /* Release */,
			);
			defaultConfigurationIsVisible = 0;
		};
		3A973A721F41F17700D87014 /* Build configuration list for PBXNativeTarget "MGVerticalProgressBarTests" */ = {
			isa = XCConfigurationList;
			buildConfigurations = (
				3A973A731F41F17700D87014 /* Debug */,
				3A973A741F41F17700D87014 /* Release */,
			);
			defaultConfigurationIsVisible = 0;
		};
		3A973A751F41F17700D87014 /* Build configuration list for PBXNativeTarget "MGVerticalProgressBarUITests" */ = {
			isa = XCConfigurationList;
			buildConfigurations = (
				3A973A761F41F17700D87014 /* Debug */,
				3A973A771F41F17700D87014 /* Release */,
			);
			defaultConfigurationIsVisible = 0;
		};
/* End XCConfigurationList section */
	};
	rootObject = 3A973A3F1F41F17700D87014 /* Project object */;
}
